PODS:
  - HandyJSON (5.0.0-beta.1)
  - ReactiveCocoa (10.0.0):
    - ReactiveSwift (~> 6.0)
  - ReactiveSwift (6.0.0)
  - SnapKit (5.0.0)
  - YYKit (1.0.9):
    - YYKit/no-arc (= 1.0.9)
  - YYKit/no-arc (1.0.9)

DEPENDENCIES:
  - HandyJSON (~> 5.0.0-beta.1)
  - ReactiveCocoa
  - SnapKit
  - YYKit

SPEC REPOS:
  https://github.com/cocoapods/specs.git:
    - HandyJSON
    - ReactiveCocoa
    - ReactiveSwift
    - SnapKit
    - YYKit

SPEC CHECKSUMS:
  HandyJSON: 582477127ab3ab65bd2e471815f1a7b846856978
  ReactiveCocoa: 6d4c37ba236f5d9a7a55b2172cd09f19ba85f574
  ReactiveSwift: 24b7ed245617bbfd30ee0c87779b6c64ac1b4518
  SnapKit: fd22d10eb9aff484d79a8724eab922c1ddf89bcf
  YYKit: 7cda43304a8dc3696c449041e2cb3107b4e236e7

PODFILE CHECKSUM: 67cb58f025980cca5fb40124f831184dcc1d8aca

COCOAPODS: 1.6.1
