// !$*UTF8*$!
{
	archiveVersion = 1;
	classes = {
	};
	objectVersion = 50;
	objects = {

/* Begin PBXBuildFile section */
		18B0CD4441B00A57A1CCDB27 /* Pods_MVVM_ReactiveSwiftUITests.framework in Frameworks */ = {isa = PBXBuildFile; fileRef = 9B4836F4E719E5DA4053A9FC /* Pods_MVVM_ReactiveSwiftUITests.framework */; };
		601BF23B0A943C03E70BE583 /* Pods_MVVM_ReactiveSwiftTests.framework in Frameworks */ = {isa = PBXBuildFile; fileRef = 5B0A43BE75AA2BF8206A2004 /* Pods_MVVM_ReactiveSwiftTests.framework */; };
		B3FDF57FD46A5344CC1AB318 /* Pods_MVVM_ReactiveSwift.framework in Frameworks */ = {isa = PBXBuildFile; fileRef = 97C9B624DDB74D412076990C /* Pods_MVVM_ReactiveSwift.framework */; };
		F13C97512223CDC500FCA76B /* MRBaseViewModel.swift in Sources */ = {isa = PBXBuildFile; fileRef = F13C97502223CDC500FCA76B /* MRBaseViewModel.swift */; };
		F1716DAD221AABDA00020B40 /* EmailVC.swift in Sources */ = {isa = PBXBuildFile; fileRef = F1716DAC221AABDA00020B40 /* EmailVC.swift */; };
		F1716DB3221AB03000020B40 /* UserService.swift in Sources */ = {isa = PBXBuildFile; fileRef = F1716DB2221AB03000020B40 /* UserService.swift */; };
		F1716DB5221AB04E00020B40 /* ViewModel.swift in Sources */ = {isa = PBXBuildFile; fileRef = F1716DB4221AB04D00020B40 /* ViewModel.swift */; };
		F17A2455221E7D0C00931A0F /* LoginExampleVC.swift in Sources */ = {isa = PBXBuildFile; fileRef = F17A2454221E7D0C00931A0F /* LoginExampleVC.swift */; };
		F17A2457221E7D2300931A0F /* LoginExampleModel.swift in Sources */ = {isa = PBXBuildFile; fileRef = F17A2456221E7D2300931A0F /* LoginExampleModel.swift */; };
		F17A2459221E7D3700931A0F /* LoginExampleVM.swift in Sources */ = {isa = PBXBuildFile; fileRef = F17A2458221E7D3700931A0F /* LoginExampleVM.swift */; };
		F17A245C221E99D400931A0F /* BookListModel.swift in Sources */ = {isa = PBXBuildFile; fileRef = F17A245B221E99D400931A0F /* BookListModel.swift */; };
		F17A245E221E99EB00931A0F /* BookListVC.swift in Sources */ = {isa = PBXBuildFile; fileRef = F17A245D221E99EB00931A0F /* BookListVC.swift */; };
		F17A2460221E99FF00931A0F /* BookListVM.swift in Sources */ = {isa = PBXBuildFile; fileRef = F17A245F221E99FF00931A0F /* BookListVM.swift */; };
		F1B289E32216AD82009EA3F9 /* AppDelegate.swift in Sources */ = {isa = PBXBuildFile; fileRef = F1B289E22216AD82009EA3F9 /* AppDelegate.swift */; };
		F1B289EA2216AD83009EA3F9 /* Assets.xcassets in Resources */ = {isa = PBXBuildFile; fileRef = F1B289E92216AD83009EA3F9 /* Assets.xcassets */; };
		F1B289ED2216AD83009EA3F9 /* LaunchScreen.storyboard in Resources */ = {isa = PBXBuildFile; fileRef = F1B289EB2216AD83009EA3F9 /* LaunchScreen.storyboard */; };
		F1B289F82216AD83009EA3F9 /* MVVM_ReactiveSwiftTests.swift in Sources */ = {isa = PBXBuildFile; fileRef = F1B289F72216AD83009EA3F9 /* MVVM_ReactiveSwiftTests.swift */; };
		F1B28A032216AD83009EA3F9 /* MVVM_ReactiveSwiftUITests.swift in Sources */ = {isa = PBXBuildFile; fileRef = F1B28A022216AD83009EA3F9 /* MVVM_ReactiveSwiftUITests.swift */; };
		F1B28A162216C714009EA3F9 /* OCDefine.m in Sources */ = {isa = PBXBuildFile; fileRef = F1B28A152216C714009EA3F9 /* OCDefine.m */; };
		F1EC37CD221FF40700FDE3C7 /* MRLoginModel.swift in Sources */ = {isa = PBXBuildFile; fileRef = F1EC37CC221FF40700FDE3C7 /* MRLoginModel.swift */; };
		F1EC37CF221FF41E00FDE3C7 /* MRLoginVM.swift in Sources */ = {isa = PBXBuildFile; fileRef = F1EC37CE221FF41E00FDE3C7 /* MRLoginVM.swift */; };
		F1EC37D1221FF45400FDE3C7 /* MRLoginVC.swift in Sources */ = {isa = PBXBuildFile; fileRef = F1EC37D0221FF45400FDE3C7 /* MRLoginVC.swift */; };
		F1EC37D5221FF5F400FDE3C7 /* UIButton+MRCustom.swift in Sources */ = {isa = PBXBuildFile; fileRef = F1EC37D4221FF5F400FDE3C7 /* UIButton+MRCustom.swift */; };
		F1EC37D7221FF9EB00FDE3C7 /* UIFont+MRExtension.swift in Sources */ = {isa = PBXBuildFile; fileRef = F1EC37D6221FF9EB00FDE3C7 /* UIFont+MRExtension.swift */; };
		F1EC37D9221FFAB200FDE3C7 /* UIColor+MRExtension.swift in Sources */ = {isa = PBXBuildFile; fileRef = F1EC37D8221FFAB200FDE3C7 /* UIColor+MRExtension.swift */; };
		F1EC37DC2220008D00FDE3C7 /* MRInputTextFiled.swift in Sources */ = {isa = PBXBuildFile; fileRef = F1EC37DB2220008D00FDE3C7 /* MRInputTextFiled.swift */; };
		F1EC37DE22200ABE00FDE3C7 /* MRBaseViewController.swift in Sources */ = {isa = PBXBuildFile; fileRef = F1EC37DD22200ABE00FDE3C7 /* MRBaseViewController.swift */; };
		F1F999B1221B9EEC005A52F6 /* StdlibExtensions.swift in Sources */ = {isa = PBXBuildFile; fileRef = F1F999B0221B9EEC005A52F6 /* StdlibExtensions.swift */; };
		F1F999B5221BA6CC005A52F6 /* MainTabBarVC.swift in Sources */ = {isa = PBXBuildFile; fileRef = F1F999B4221BA6CC005A52F6 /* MainTabBarVC.swift */; };
		F1F999B7221BA928005A52F6 /* LoginVC.swift in Sources */ = {isa = PBXBuildFile; fileRef = F1F999B6221BA928005A52F6 /* LoginVC.swift */; };
		F1F999C6221C0C23005A52F6 /* LoginVM.swift in Sources */ = {isa = PBXBuildFile; fileRef = F1F999C5221C0C23005A52F6 /* LoginVM.swift */; };
		F1F999C8221C0C35005A52F6 /* LoginModel.swift in Sources */ = {isa = PBXBuildFile; fileRef = F1F999C7221C0C35005A52F6 /* LoginModel.swift */; };
/* End PBXBuildFile section */

/* Begin PBXContainerItemProxy section */
		F1B289F42216AD83009EA3F9 /* PBXContainerItemProxy */ = {
			isa = PBXContainerItemProxy;
			containerPortal = F1B289D72216AD82009EA3F9 /* Project object */;
			proxyType = 1;
			remoteGlobalIDString = F1B289DE2216AD82009EA3F9;
			remoteInfo = "MVVM+ReactiveSwift";
		};
		F1B289FF2216AD83009EA3F9 /* PBXContainerItemProxy */ = {
			isa = PBXContainerItemProxy;
			containerPortal = F1B289D72216AD82009EA3F9 /* Project object */;
			proxyType = 1;
			remoteGlobalIDString = F1B289DE2216AD82009EA3F9;
			remoteInfo = "MVVM+ReactiveSwift";
		};
/* End PBXContainerItemProxy section */

/* Begin PBXFileReference section */
		5B0A43BE75AA2BF8206A2004 /* Pods_MVVM_ReactiveSwiftTests.framework */ = {isa = PBXFileReference; explicitFileType = wrapper.framework; includeInIndex = 0; path = Pods_MVVM_ReactiveSwiftTests.framework; sourceTree = BUILT_PRODUCTS_DIR; };
		7EA09A700445FF1B0CA67553 /* Pods-MVVM+ReactiveSwiftUITests.debug.xcconfig */ = {isa = PBXFileReference; includeInIndex = 1; lastKnownFileType = text.xcconfig; name = "Pods-MVVM+ReactiveSwiftUITests.debug.xcconfig"; path = "Pods/Target Support Files/Pods-MVVM+ReactiveSwiftUITests/Pods-MVVM+ReactiveSwiftUITests.debug.xcconfig"; sourceTree = "<group>"; };
		8CB91736A4ABD5B17C5169BE /* Pods-MVVM+ReactiveSwiftUITests.release.xcconfig */ = {isa = PBXFileReference; includeInIndex = 1; lastKnownFileType = text.xcconfig; name = "Pods-MVVM+ReactiveSwiftUITests.release.xcconfig"; path = "Pods/Target Support Files/Pods-MVVM+ReactiveSwiftUITests/Pods-MVVM+ReactiveSwiftUITests.release.xcconfig"; sourceTree = "<group>"; };
		94ED908548C924CFDA25DC5F /* Pods-MVVM+ReactiveSwiftTests.debug.xcconfig */ = {isa = PBXFileReference; includeInIndex = 1; lastKnownFileType = text.xcconfig; name = "Pods-MVVM+ReactiveSwiftTests.debug.xcconfig"; path = "Pods/Target Support Files/Pods-MVVM+ReactiveSwiftTests/Pods-MVVM+ReactiveSwiftTests.debug.xcconfig"; sourceTree = "<group>"; };
		97C9B624DDB74D412076990C /* Pods_MVVM_ReactiveSwift.framework */ = {isa = PBXFileReference; explicitFileType = wrapper.framework; includeInIndex = 0; path = Pods_MVVM_ReactiveSwift.framework; sourceTree = BUILT_PRODUCTS_DIR; };
		9B4836F4E719E5DA4053A9FC /* Pods_MVVM_ReactiveSwiftUITests.framework */ = {isa = PBXFileReference; explicitFileType = wrapper.framework; includeInIndex = 0; path = Pods_MVVM_ReactiveSwiftUITests.framework; sourceTree = BUILT_PRODUCTS_DIR; };
		CD747EA95D7955CB65F5969C /* Pods-MVVM+ReactiveSwift.release.xcconfig */ = {isa = PBXFileReference; includeInIndex = 1; lastKnownFileType = text.xcconfig; name = "Pods-MVVM+ReactiveSwift.release.xcconfig"; path = "Pods/Target Support Files/Pods-MVVM+ReactiveSwift/Pods-MVVM+ReactiveSwift.release.xcconfig"; sourceTree = "<group>"; };
		E431C71D9C83C331E26DC66D /* Pods-MVVM+ReactiveSwift.debug.xcconfig */ = {isa = PBXFileReference; includeInIndex = 1; lastKnownFileType = text.xcconfig; name = "Pods-MVVM+ReactiveSwift.debug.xcconfig"; path = "Pods/Target Support Files/Pods-MVVM+ReactiveSwift/Pods-MVVM+ReactiveSwift.debug.xcconfig"; sourceTree = "<group>"; };
		F13C97502223CDC500FCA76B /* MRBaseViewModel.swift */ = {isa = PBXFileReference; lastKnownFileType = sourcecode.swift; path = MRBaseViewModel.swift; sourceTree = "<group>"; };
		F1716DAC221AABDA00020B40 /* EmailVC.swift */ = {isa = PBXFileReference; lastKnownFileType = sourcecode.swift; path = EmailVC.swift; sourceTree = "<group>"; };
		F1716DB2221AB03000020B40 /* UserService.swift */ = {isa = PBXFileReference; fileEncoding = 4; lastKnownFileType = sourcecode.swift; path = UserService.swift; sourceTree = "<group>"; };
		F1716DB4221AB04D00020B40 /* ViewModel.swift */ = {isa = PBXFileReference; fileEncoding = 4; lastKnownFileType = sourcecode.swift; path = ViewModel.swift; sourceTree = "<group>"; };
		F17A2454221E7D0C00931A0F /* LoginExampleVC.swift */ = {isa = PBXFileReference; lastKnownFileType = sourcecode.swift; path = LoginExampleVC.swift; sourceTree = "<group>"; };
		F17A2456221E7D2300931A0F /* LoginExampleModel.swift */ = {isa = PBXFileReference; lastKnownFileType = sourcecode.swift; path = LoginExampleModel.swift; sourceTree = "<group>"; };
		F17A2458221E7D3700931A0F /* LoginExampleVM.swift */ = {isa = PBXFileReference; lastKnownFileType = sourcecode.swift; path = LoginExampleVM.swift; sourceTree = "<group>"; };
		F17A245B221E99D400931A0F /* BookListModel.swift */ = {isa = PBXFileReference; lastKnownFileType = sourcecode.swift; path = BookListModel.swift; sourceTree = "<group>"; };
		F17A245D221E99EB00931A0F /* BookListVC.swift */ = {isa = PBXFileReference; lastKnownFileType = sourcecode.swift; path = BookListVC.swift; sourceTree = "<group>"; };
		F17A245F221E99FF00931A0F /* BookListVM.swift */ = {isa = PBXFileReference; lastKnownFileType = sourcecode.swift; path = BookListVM.swift; sourceTree = "<group>"; };
		F1B289DF2216AD82009EA3F9 /* MVVM+ReactiveSwift.app */ = {isa = PBXFileReference; explicitFileType = wrapper.application; includeInIndex = 0; path = "MVVM+ReactiveSwift.app"; sourceTree = BUILT_PRODUCTS_DIR; };
		F1B289E22216AD82009EA3F9 /* AppDelegate.swift */ = {isa = PBXFileReference; lastKnownFileType = sourcecode.swift; path = AppDelegate.swift; sourceTree = "<group>"; };
		F1B289E92216AD83009EA3F9 /* Assets.xcassets */ = {isa = PBXFileReference; lastKnownFileType = folder.assetcatalog; path = Assets.xcassets; sourceTree = "<group>"; };
		F1B289EC2216AD83009EA3F9 /* Base */ = {isa = PBXFileReference; lastKnownFileType = file.storyboard; name = Base; path = Base.lproj/LaunchScreen.storyboard; sourceTree = "<group>"; };
		F1B289EE2216AD83009EA3F9 /* Info.plist */ = {isa = PBXFileReference; lastKnownFileType = text.plist.xml; path = Info.plist; sourceTree = "<group>"; };
		F1B289F32216AD83009EA3F9 /* MVVM+ReactiveSwiftTests.xctest */ = {isa = PBXFileReference; explicitFileType = wrapper.cfbundle; includeInIndex = 0; path = "MVVM+ReactiveSwiftTests.xctest"; sourceTree = BUILT_PRODUCTS_DIR; };
		F1B289F72216AD83009EA3F9 /* MVVM_ReactiveSwiftTests.swift */ = {isa = PBXFileReference; lastKnownFileType = sourcecode.swift; path = MVVM_ReactiveSwiftTests.swift; sourceTree = "<group>"; };
		F1B289F92216AD83009EA3F9 /* Info.plist */ = {isa = PBXFileReference; lastKnownFileType = text.plist.xml; path = Info.plist; sourceTree = "<group>"; };
		F1B289FE2216AD83009EA3F9 /* MVVM+ReactiveSwiftUITests.xctest */ = {isa = PBXFileReference; explicitFileType = wrapper.cfbundle; includeInIndex = 0; path = "MVVM+ReactiveSwiftUITests.xctest"; sourceTree = BUILT_PRODUCTS_DIR; };
		F1B28A022216AD83009EA3F9 /* MVVM_ReactiveSwiftUITests.swift */ = {isa = PBXFileReference; lastKnownFileType = sourcecode.swift; path = MVVM_ReactiveSwiftUITests.swift; sourceTree = "<group>"; };
		F1B28A042216AD83009EA3F9 /* Info.plist */ = {isa = PBXFileReference; lastKnownFileType = text.plist.xml; path = Info.plist; sourceTree = "<group>"; };
		F1B28A102216C5B0009EA3F9 /* MVVM+ReactiveSwift-Bridging-Header.h */ = {isa = PBXFileReference; lastKnownFileType = sourcecode.c.h; path = "MVVM+ReactiveSwift-Bridging-Header.h"; sourceTree = "<group>"; };
		F1B28A142216C714009EA3F9 /* OCDefine.h */ = {isa = PBXFileReference; lastKnownFileType = sourcecode.c.h; path = OCDefine.h; sourceTree = "<group>"; };
		F1B28A152216C714009EA3F9 /* OCDefine.m */ = {isa = PBXFileReference; lastKnownFileType = sourcecode.c.objc; path = OCDefine.m; sourceTree = "<group>"; };
		F1EC37CC221FF40700FDE3C7 /* MRLoginModel.swift */ = {isa = PBXFileReference; lastKnownFileType = sourcecode.swift; path = MRLoginModel.swift; sourceTree = "<group>"; };
		F1EC37CE221FF41E00FDE3C7 /* MRLoginVM.swift */ = {isa = PBXFileReference; lastKnownFileType = sourcecode.swift; path = MRLoginVM.swift; sourceTree = "<group>"; };
		F1EC37D0221FF45400FDE3C7 /* MRLoginVC.swift */ = {isa = PBXFileReference; lastKnownFileType = sourcecode.swift; path = MRLoginVC.swift; sourceTree = "<group>"; };
		F1EC37D4221FF5F400FDE3C7 /* UIButton+MRCustom.swift */ = {isa = PBXFileReference; lastKnownFileType = sourcecode.swift; path = "UIButton+MRCustom.swift"; sourceTree = "<group>"; };
		F1EC37D6221FF9EB00FDE3C7 /* UIFont+MRExtension.swift */ = {isa = PBXFileReference; lastKnownFileType = sourcecode.swift; path = "UIFont+MRExtension.swift"; sourceTree = "<group>"; };
		F1EC37D8221FFAB200FDE3C7 /* UIColor+MRExtension.swift */ = {isa = PBXFileReference; lastKnownFileType = sourcecode.swift; path = "UIColor+MRExtension.swift"; sourceTree = "<group>"; };
		F1EC37DB2220008D00FDE3C7 /* MRInputTextFiled.swift */ = {isa = PBXFileReference; lastKnownFileType = sourcecode.swift; path = MRInputTextFiled.swift; sourceTree = "<group>"; };
		F1EC37DD22200ABE00FDE3C7 /* MRBaseViewController.swift */ = {isa = PBXFileReference; lastKnownFileType = sourcecode.swift; path = MRBaseViewController.swift; sourceTree = "<group>"; };
		F1F999B0221B9EEC005A52F6 /* StdlibExtensions.swift */ = {isa = PBXFileReference; lastKnownFileType = sourcecode.swift; path = StdlibExtensions.swift; sourceTree = "<group>"; };
		F1F999B4221BA6CC005A52F6 /* MainTabBarVC.swift */ = {isa = PBXFileReference; lastKnownFileType = sourcecode.swift; path = MainTabBarVC.swift; sourceTree = "<group>"; };
		F1F999B6221BA928005A52F6 /* LoginVC.swift */ = {isa = PBXFileReference; lastKnownFileType = sourcecode.swift; path = LoginVC.swift; sourceTree = "<group>"; };
		F1F999C5221C0C23005A52F6 /* LoginVM.swift */ = {isa = PBXFileReference; lastKnownFileType = sourcecode.swift; path = LoginVM.swift; sourceTree = "<group>"; };
		F1F999C7221C0C35005A52F6 /* LoginModel.swift */ = {isa = PBXFileReference; lastKnownFileType = sourcecode.swift; path = LoginModel.swift; sourceTree = "<group>"; };
		F3EB9CEA7AE746EADA2669B2 /* Pods-MVVM+ReactiveSwiftTests.release.xcconfig */ = {isa = PBXFileReference; includeInIndex = 1; lastKnownFileType = text.xcconfig; name = "Pods-MVVM+ReactiveSwiftTests.release.xcconfig"; path = "Pods/Target Support Files/Pods-MVVM+ReactiveSwiftTests/Pods-MVVM+ReactiveSwiftTests.release.xcconfig"; sourceTree = "<group>"; };
/* End PBXFileReference section */

/* Begin PBXFrameworksBuildPhase section */
		F1B289DC2216AD82009EA3F9 /* Frameworks */ = {
			isa = PBXFrameworksBuildPhase;
			buildActionMask = 2147483647;
			files = (
				B3FDF57FD46A5344CC1AB318 /* Pods_MVVM_ReactiveSwift.framework in Frameworks */,
			);
			runOnlyForDeploymentPostprocessing = 0;
		};
		F1B289F02216AD83009EA3F9 /* Frameworks */ = {
			isa = PBXFrameworksBuildPhase;
			buildActionMask = 2147483647;
			files = (
				601BF23B0A943C03E70BE583 /* Pods_MVVM_ReactiveSwiftTests.framework in Frameworks */,
			);
			runOnlyForDeploymentPostprocessing = 0;
		};
		F1B289FB2216AD83009EA3F9 /* Frameworks */ = {
			isa = PBXFrameworksBuildPhase;
			buildActionMask = 2147483647;
			files = (
				18B0CD4441B00A57A1CCDB27 /* Pods_MVVM_ReactiveSwiftUITests.framework in Frameworks */,
			);
			runOnlyForDeploymentPostprocessing = 0;
		};
/* End PBXFrameworksBuildPhase section */

/* Begin PBXGroup section */
		431507FA743D537B5C92BE68 /* Pods */ = {
			isa = PBXGroup;
			children = (
				E431C71D9C83C331E26DC66D /* Pods-MVVM+ReactiveSwift.debug.xcconfig */,
				CD747EA95D7955CB65F5969C /* Pods-MVVM+ReactiveSwift.release.xcconfig */,
				94ED908548C924CFDA25DC5F /* Pods-MVVM+ReactiveSwiftTests.debug.xcconfig */,
				F3EB9CEA7AE746EADA2669B2 /* Pods-MVVM+ReactiveSwiftTests.release.xcconfig */,
				7EA09A700445FF1B0CA67553 /* Pods-MVVM+ReactiveSwiftUITests.debug.xcconfig */,
				8CB91736A4ABD5B17C5169BE /* Pods-MVVM+ReactiveSwiftUITests.release.xcconfig */,
			);
			name = Pods;
			sourceTree = "<group>";
		};
		AF5C03A47161F18A17B78C5C /* Frameworks */ = {
			isa = PBXGroup;
			children = (
				97C9B624DDB74D412076990C /* Pods_MVVM_ReactiveSwift.framework */,
				5B0A43BE75AA2BF8206A2004 /* Pods_MVVM_ReactiveSwiftTests.framework */,
				9B4836F4E719E5DA4053A9FC /* Pods_MVVM_ReactiveSwiftUITests.framework */,
			);
			name = Frameworks;
			sourceTree = "<group>";
		};
		F17A2453221E7CE100931A0F /* LoginExample */ = {
			isa = PBXGroup;
			children = (
				F17A2454221E7D0C00931A0F /* LoginExampleVC.swift */,
				F17A2456221E7D2300931A0F /* LoginExampleModel.swift */,
				F17A2458221E7D3700931A0F /* LoginExampleVM.swift */,
			);
			path = LoginExample;
			sourceTree = "<group>";
		};
		F17A245A221E99B900931A0F /* BookList */ = {
			isa = PBXGroup;
			children = (
				F17A245B221E99D400931A0F /* BookListModel.swift */,
				F17A245D221E99EB00931A0F /* BookListVC.swift */,
				F17A245F221E99FF00931A0F /* BookListVM.swift */,
			);
			path = BookList;
			sourceTree = "<group>";
		};
		F1B289D62216AD82009EA3F9 = {
			isa = PBXGroup;
			children = (
				F1B289E12216AD82009EA3F9 /* MVVM+ReactiveSwift */,
				F1B289F62216AD83009EA3F9 /* MVVM+ReactiveSwiftTests */,
				F1B28A012216AD83009EA3F9 /* MVVM+ReactiveSwiftUITests */,
				F1B289E02216AD82009EA3F9 /* Products */,
				431507FA743D537B5C92BE68 /* Pods */,
				AF5C03A47161F18A17B78C5C /* Frameworks */,
			);
			sourceTree = "<group>";
		};
		F1B289E02216AD82009EA3F9 /* Products */ = {
			isa = PBXGroup;
			children = (
				F1B289DF2216AD82009EA3F9 /* MVVM+ReactiveSwift.app */,
				F1B289F32216AD83009EA3F9 /* MVVM+ReactiveSwiftTests.xctest */,
				F1B289FE2216AD83009EA3F9 /* MVVM+ReactiveSwiftUITests.xctest */,
			);
			name = Products;
			sourceTree = "<group>";
		};
		F1B289E12216AD82009EA3F9 /* MVVM+ReactiveSwift */ = {
			isa = PBXGroup;
			children = (
				F1EC37BF221FA99900FDE3C7 /* ViewControllers */,
				F1EC37BE221FA98800FDE3C7 /* Support */,
			);
			path = "MVVM+ReactiveSwift";
			sourceTree = "<group>";
		};
		F1B289F62216AD83009EA3F9 /* MVVM+ReactiveSwiftTests */ = {
			isa = PBXGroup;
			children = (
				F1B289F72216AD83009EA3F9 /* MVVM_ReactiveSwiftTests.swift */,
				F1B289F92216AD83009EA3F9 /* Info.plist */,
			);
			path = "MVVM+ReactiveSwiftTests";
			sourceTree = "<group>";
		};
		F1B28A012216AD83009EA3F9 /* MVVM+ReactiveSwiftUITests */ = {
			isa = PBXGroup;
			children = (
				F1B28A022216AD83009EA3F9 /* MVVM_ReactiveSwiftUITests.swift */,
				F1B28A042216AD83009EA3F9 /* Info.plist */,
			);
			path = "MVVM+ReactiveSwiftUITests";
			sourceTree = "<group>";
		};
		F1EC37BE221FA98800FDE3C7 /* Support */ = {
			isa = PBXGroup;
			children = (
				F1EC37D3221FF54900FDE3C7 /* Category */,
				F1B289E22216AD82009EA3F9 /* AppDelegate.swift */,
				F1B289E92216AD83009EA3F9 /* Assets.xcassets */,
				F1B289EB2216AD83009EA3F9 /* LaunchScreen.storyboard */,
				F1B289EE2216AD83009EA3F9 /* Info.plist */,
				F1B28A102216C5B0009EA3F9 /* MVVM+ReactiveSwift-Bridging-Header.h */,
				F1B28A142216C714009EA3F9 /* OCDefine.h */,
				F1B28A152216C714009EA3F9 /* OCDefine.m */,
				F1F999B0221B9EEC005A52F6 /* StdlibExtensions.swift */,
			);
			name = Support;
			sourceTree = "<group>";
		};
		F1EC37BF221FA99900FDE3C7 /* ViewControllers */ = {
			isa = PBXGroup;
			children = (
				F1EC37DA2220005400FDE3C7 /* Views */,
				F1EC37CB221FF3E700FDE3C7 /* Login&Register */,
				F1F999B4221BA6CC005A52F6 /* MainTabBarVC.swift */,
				F1EC37C0221FA9AB00FDE3C7 /* Email */,
				F17A245A221E99B900931A0F /* BookList */,
				F17A2453221E7CE100931A0F /* LoginExample */,
				F1F999C4221C0C08005A52F6 /* Login */,
				F1EC37DD22200ABE00FDE3C7 /* MRBaseViewController.swift */,
				F13C97502223CDC500FCA76B /* MRBaseViewModel.swift */,
			);
			path = ViewControllers;
			sourceTree = "<group>";
		};
		F1EC37C0221FA9AB00FDE3C7 /* Email */ = {
			isa = PBXGroup;
			children = (
				F1716DB4221AB04D00020B40 /* ViewModel.swift */,
				F1716DB2221AB03000020B40 /* UserService.swift */,
				F1716DAC221AABDA00020B40 /* EmailVC.swift */,
			);
			path = Email;
			sourceTree = "<group>";
		};
		F1EC37CB221FF3E700FDE3C7 /* Login&Register */ = {
			isa = PBXGroup;
			children = (
				F1EC37CC221FF40700FDE3C7 /* MRLoginModel.swift */,
				F1EC37CE221FF41E00FDE3C7 /* MRLoginVM.swift */,
				F1EC37D0221FF45400FDE3C7 /* MRLoginVC.swift */,
			);
			path = "Login&Register";
			sourceTree = "<group>";
		};
		F1EC37D3221FF54900FDE3C7 /* Category */ = {
			isa = PBXGroup;
			children = (
				F1EC37D4221FF5F400FDE3C7 /* UIButton+MRCustom.swift */,
				F1EC37D6221FF9EB00FDE3C7 /* UIFont+MRExtension.swift */,
				F1EC37D8221FFAB200FDE3C7 /* UIColor+MRExtension.swift */,
			);
			name = Category;
			sourceTree = "<group>";
		};
		F1EC37DA2220005400FDE3C7 /* Views */ = {
			isa = PBXGroup;
			children = (
				F1EC37DB2220008D00FDE3C7 /* MRInputTextFiled.swift */,
			);
			path = Views;
			sourceTree = "<group>";
		};
		F1F999C4221C0C08005A52F6 /* Login */ = {
			isa = PBXGroup;
			children = (
				F1F999B6221BA928005A52F6 /* LoginVC.swift */,
				F1F999C5221C0C23005A52F6 /* LoginVM.swift */,
				F1F999C7221C0C35005A52F6 /* LoginModel.swift */,
			);
			path = Login;
			sourceTree = "<group>";
		};
/* End PBXGroup section */

/* Begin PBXNativeTarget section */
		F1B289DE2216AD82009EA3F9 /* MVVM+ReactiveSwift */ = {
			isa = PBXNativeTarget;
			buildConfigurationList = F1B28A072216AD83009EA3F9 /* Build configuration list for PBXNativeTarget "MVVM+ReactiveSwift" */;
			buildPhases = (
				AFE34B67644BEA4F8E3C5876 /* [CP] Check Pods Manifest.lock */,
				F1B289DB2216AD82009EA3F9 /* Sources */,
				F1B289DC2216AD82009EA3F9 /* Frameworks */,
				F1B289DD2216AD82009EA3F9 /* Resources */,
				B9B25EFD22435ED1C8EF9037 /* [CP] Embed Pods Frameworks */,
			);
			buildRules = (
			);
			dependencies = (
			);
			name = "MVVM+ReactiveSwift";
			productName = "MVVM+ReactiveSwift";
			productReference = F1B289DF2216AD82009EA3F9 /* MVVM+ReactiveSwift.app */;
			productType = "com.apple.product-type.application";
		};
		F1B289F22216AD83009EA3F9 /* MVVM+ReactiveSwiftTests */ = {
			isa = PBXNativeTarget;
			buildConfigurationList = F1B28A0A2216AD83009EA3F9 /* Build configuration list for PBXNativeTarget "MVVM+ReactiveSwiftTests" */;
			buildPhases = (
				2C51B55DEEEDAD7B64D6B898 /* [CP] Check Pods Manifest.lock */,
				F1B289EF2216AD83009EA3F9 /* Sources */,
				F1B289F02216AD83009EA3F9 /* Frameworks */,
				F1B289F12216AD83009EA3F9 /* Resources */,
			);
			buildRules = (
			);
			dependencies = (
				F1B289F52216AD83009EA3F9 /* PBXTargetDependency */,
			);
			name = "MVVM+ReactiveSwiftTests";
			productName = "MVVM+ReactiveSwiftTests";
			productReference = F1B289F32216AD83009EA3F9 /* MVVM+ReactiveSwiftTests.xctest */;
			productType = "com.apple.product-type.bundle.unit-test";
		};
		F1B289FD2216AD83009EA3F9 /* MVVM+ReactiveSwiftUITests */ = {
			isa = PBXNativeTarget;
			buildConfigurationList = F1B28A0D2216AD83009EA3F9 /* Build configuration list for PBXNativeTarget "MVVM+ReactiveSwiftUITests" */;
			buildPhases = (
				7271808961ABA99FB50A8DA6 /* [CP] Check Pods Manifest.lock */,
				F1B289FA2216AD83009EA3F9 /* Sources */,
				F1B289FB2216AD83009EA3F9 /* Frameworks */,
				F1B289FC2216AD83009EA3F9 /* Resources */,
			);
			buildRules = (
			);
			dependencies = (
				F1B28A002216AD83009EA3F9 /* PBXTargetDependency */,
			);
			name = "MVVM+ReactiveSwiftUITests";
			productName = "MVVM+ReactiveSwiftUITests";
			productReference = F1B289FE2216AD83009EA3F9 /* MVVM+ReactiveSwiftUITests.xctest */;
			productType = "com.apple.product-type.bundle.ui-testing";
		};
/* End PBXNativeTarget section */

/* Begin PBXProject section */
		F1B289D72216AD82009EA3F9 /* Project object */ = {
			isa = PBXProject;
			attributes = {
				CLASSPREFIX = MR;
				LastSwiftUpdateCheck = 1010;
				LastUpgradeCheck = 1010;
				ORGANIZATIONNAME = pxh;
				TargetAttributes = {
					F1B289DE2216AD82009EA3F9 = {
						CreatedOnToolsVersion = 10.1;
						LastSwiftMigration = 1010;
					};
					F1B289F22216AD83009EA3F9 = {
						CreatedOnToolsVersion = 10.1;
						TestTargetID = F1B289DE2216AD82009EA3F9;
					};
					F1B289FD2216AD83009EA3F9 = {
						CreatedOnToolsVersion = 10.1;
						TestTargetID = F1B289DE2216AD82009EA3F9;
					};
				};
			};
			buildConfigurationList = F1B289DA2216AD82009EA3F9 /* Build configuration list for PBXProject "MVVM+ReactiveSwift" */;
			compatibilityVersion = "Xcode 9.3";
			developmentRegion = en;
			hasScannedForEncodings = 0;
			knownRegions = (
				en,
				Base,
			);
			mainGroup = F1B289D62216AD82009EA3F9;
			productRefGroup = F1B289E02216AD82009EA3F9 /* Products */;
			projectDirPath = "";
			projectRoot = "";
			targets = (
				F1B289DE2216AD82009EA3F9 /* MVVM+ReactiveSwift */,
				F1B289F22216AD83009EA3F9 /* MVVM+ReactiveSwiftTests */,
				F1B289FD2216AD83009EA3F9 /* MVVM+ReactiveSwiftUITests */,
			);
		};
/* End PBXProject section */

/* Begin PBXResourcesBuildPhase section */
		F1B289DD2216AD82009EA3F9 /* Resources */ = {
			isa = PBXResourcesBuildPhase;
			buildActionMask = 2147483647;
			files = (
				F1B289ED2216AD83009EA3F9 /* LaunchScreen.storyboard in Resources */,
				F1B289EA2216AD83009EA3F9 /* Assets.xcassets in Resources */,
			);
			runOnlyForDeploymentPostprocessing = 0;
		};
		F1B289F12216AD83009EA3F9 /* Resources */ = {
			isa = PBXResourcesBuildPhase;
			buildActionMask = 2147483647;
			files = (
			);
			runOnlyForDeploymentPostprocessing = 0;
		};
		F1B289FC2216AD83009EA3F9 /* Resources */ = {
			isa = PBXResourcesBuildPhase;
			buildActionMask = 2147483647;
			files = (
			);
			runOnlyForDeploymentPostprocessing = 0;
		};
/* End PBXResourcesBuildPhase section */

/* Begin PBXShellScriptBuildPhase section */
		2C51B55DEEEDAD7B64D6B898 /* [CP] Check Pods Manifest.lock */ = {
			isa = PBXShellScriptBuildPhase;
			buildActionMask = 2147483647;
			files = (
			);
			inputPaths = (
				"${PODS_PODFILE_DIR_PATH}/Podfile.lock",
				"${PODS_ROOT}/Manifest.lock",
			);
			name = "[CP] Check Pods Manifest.lock";
			outputPaths = (
				"$(DERIVED_FILE_DIR)/Pods-MVVM+ReactiveSwiftTests-checkManifestLockResult.txt",
			);
			runOnlyForDeploymentPostprocessing = 0;
			shellPath = /bin/sh;
			shellScript = "diff \"${PODS_PODFILE_DIR_PATH}/Podfile.lock\" \"${PODS_ROOT}/Manifest.lock\" > /dev/null\nif [ $? != 0 ] ; then\n    # print error to STDERR\n    echo \"error: The sandbox is not in sync with the Podfile.lock. Run 'pod install' or update your CocoaPods installation.\" >&2\n    exit 1\nfi\n# This output is used by Xcode 'outputs' to avoid re-running this script phase.\necho \"SUCCESS\" > \"${SCRIPT_OUTPUT_FILE_0}\"\n";
			showEnvVarsInLog = 0;
		};
		7271808961ABA99FB50A8DA6 /* [CP] Check Pods Manifest.lock */ = {
			isa = PBXShellScriptBuildPhase;
			buildActionMask = 2147483647;
			files = (
			);
			inputPaths = (
				"${PODS_PODFILE_DIR_PATH}/Podfile.lock",
				"${PODS_ROOT}/Manifest.lock",
			);
			name = "[CP] Check Pods Manifest.lock";
			outputPaths = (
				"$(DERIVED_FILE_DIR)/Pods-MVVM+ReactiveSwiftUITests-checkManifestLockResult.txt",
			);
			runOnlyForDeploymentPostprocessing = 0;
			shellPath = /bin/sh;
			shellScript = "diff \"${PODS_PODFILE_DIR_PATH}/Podfile.lock\" \"${PODS_ROOT}/Manifest.lock\" > /dev/null\nif [ $? != 0 ] ; then\n    # print error to STDERR\n    echo \"error: The sandbox is not in sync with the Podfile.lock. Run 'pod install' or update your CocoaPods installation.\" >&2\n    exit 1\nfi\n# This output is used by Xcode 'outputs' to avoid re-running this script phase.\necho \"SUCCESS\" > \"${SCRIPT_OUTPUT_FILE_0}\"\n";
			showEnvVarsInLog = 0;
		};
		AFE34B67644BEA4F8E3C5876 /* [CP] Check Pods Manifest.lock */ = {
			isa = PBXShellScriptBuildPhase;
			buildActionMask = 2147483647;
			files = (
			);
			inputPaths = (
				"${PODS_PODFILE_DIR_PATH}/Podfile.lock",
				"${PODS_ROOT}/Manifest.lock",
			);
			name = "[CP] Check Pods Manifest.lock";
			outputPaths = (
				"$(DERIVED_FILE_DIR)/Pods-MVVM+ReactiveSwift-checkManifestLockResult.txt",
			);
			runOnlyForDeploymentPostprocessing = 0;
			shellPath = /bin/sh;
			shellScript = "diff \"${PODS_PODFILE_DIR_PATH}/Podfile.lock\" \"${PODS_ROOT}/Manifest.lock\" > /dev/null\nif [ $? != 0 ] ; then\n    # print error to STDERR\n    echo \"error: The sandbox is not in sync with the Podfile.lock. Run 'pod install' or update your CocoaPods installation.\" >&2\n    exit 1\nfi\n# This output is used by Xcode 'outputs' to avoid re-running this script phase.\necho \"SUCCESS\" > \"${SCRIPT_OUTPUT_FILE_0}\"\n";
			showEnvVarsInLog = 0;
		};
		B9B25EFD22435ED1C8EF9037 /* [CP] Embed Pods Frameworks */ = {
			isa = PBXShellScriptBuildPhase;
			buildActionMask = 2147483647;
			files = (
			);
			inputPaths = (
				"${SRCROOT}/Pods/Target Support Files/Pods-MVVM+ReactiveSwift/Pods-MVVM+ReactiveSwift-frameworks.sh",
				"${BUILT_PRODUCTS_DIR}/ReactiveCocoa/ReactiveCocoa.framework",
				"${BUILT_PRODUCTS_DIR}/ReactiveSwift/ReactiveSwift.framework",
				"${BUILT_PRODUCTS_DIR}/Result/Result.framework",
				"${BUILT_PRODUCTS_DIR}/SnapKit/SnapKit.framework",
				"${BUILT_PRODUCTS_DIR}/YYKit/YYKit.framework",
			);
			name = "[CP] Embed Pods Frameworks";
			outputPaths = (
				"${TARGET_BUILD_DIR}/${FRAMEWORKS_FOLDER_PATH}/ReactiveCocoa.framework",
				"${TARGET_BUILD_DIR}/${FRAMEWORKS_FOLDER_PATH}/ReactiveSwift.framework",
				"${TARGET_BUILD_DIR}/${FRAMEWORKS_FOLDER_PATH}/Result.framework",
				"${TARGET_BUILD_DIR}/${FRAMEWORKS_FOLDER_PATH}/SnapKit.framework",
				"${TARGET_BUILD_DIR}/${FRAMEWORKS_FOLDER_PATH}/YYKit.framework",
			);
			runOnlyForDeploymentPostprocessing = 0;
			shellPath = /bin/sh;
			shellScript = "\"${SRCROOT}/Pods/Target Support Files/Pods-MVVM+ReactiveSwift/Pods-MVVM+ReactiveSwift-frameworks.sh\"\n";
			showEnvVarsInLog = 0;
		};
/* End PBXShellScriptBuildPhase section */

/* Begin PBXSourcesBuildPhase section */
		F1B289DB2216AD82009EA3F9 /* Sources */ = {
			isa = PBXSourcesBuildPhase;
			buildActionMask = 2147483647;
			files = (
				F1716DB5221AB04E00020B40 /* ViewModel.swift in Sources */,
				F1EC37D7221FF9EB00FDE3C7 /* UIFont+MRExtension.swift in Sources */,
				F1EC37D9221FFAB200FDE3C7 /* UIColor+MRExtension.swift in Sources */,
				F1F999B1221B9EEC005A52F6 /* StdlibExtensions.swift in Sources */,
				F1F999B7221BA928005A52F6 /* LoginVC.swift in Sources */,
				F17A245E221E99EB00931A0F /* BookListVC.swift in Sources */,
				F1EC37DE22200ABE00FDE3C7 /* MRBaseViewController.swift in Sources */,
				F17A2455221E7D0C00931A0F /* LoginExampleVC.swift in Sources */,
				F13C97512223CDC500FCA76B /* MRBaseViewModel.swift in Sources */,
				F17A2460221E99FF00931A0F /* BookListVM.swift in Sources */,
				F1716DB3221AB03000020B40 /* UserService.swift in Sources */,
				F1716DAD221AABDA00020B40 /* EmailVC.swift in Sources */,
				F1F999C8221C0C35005A52F6 /* LoginModel.swift in Sources */,
				F1EC37D5221FF5F400FDE3C7 /* UIButton+MRCustom.swift in Sources */,
				F1EC37CD221FF40700FDE3C7 /* MRLoginModel.swift in Sources */,
				F1EC37DC2220008D00FDE3C7 /* MRInputTextFiled.swift in Sources */,
				F1F999C6221C0C23005A52F6 /* LoginVM.swift in Sources */,
				F1EC37D1221FF45400FDE3C7 /* MRLoginVC.swift in Sources */,
				F1EC37CF221FF41E00FDE3C7 /* MRLoginVM.swift in Sources */,
				F17A2457221E7D2300931A0F /* LoginExampleModel.swift in Sources */,
				F17A2459221E7D3700931A0F /* LoginExampleVM.swift in Sources */,
				F17A245C221E99D400931A0F /* BookListModel.swift in Sources */,
				F1F999B5221BA6CC005A52F6 /* MainTabBarVC.swift in Sources */,
				F1B28A162216C714009EA3F9 /* OCDefine.m in Sources */,
				F1B289E32216AD82009EA3F9 /* AppDelegate.swift in Sources */,
			);
			runOnlyForDeploymentPostprocessing = 0;
		};
		F1B289EF2216AD83009EA3F9 /* Sources */ = {
			isa = PBXSourcesBuildPhase;
			buildActionMask = 2147483647;
			files = (
				F1B289F82216AD83009EA3F9 /* MVVM_ReactiveSwiftTests.swift in Sources */,
			);
			runOnlyForDeploymentPostprocessing = 0;
		};
		F1B289FA2216AD83009EA3F9 /* Sources */ = {
			isa = PBXSourcesBuildPhase;
			buildActionMask = 2147483647;
			files = (
				F1B28A032216AD83009EA3F9 /* MVVM_ReactiveSwiftUITests.swift in Sources */,
			);
			runOnlyForDeploymentPostprocessing = 0;
		};
/* End PBXSourcesBuildPhase section */

/* Begin PBXTargetDependency section */
		F1B289F52216AD83009EA3F9 /* PBXTargetDependency */ = {
			isa = PBXTargetDependency;
			target = F1B289DE2216AD82009EA3F9 /* MVVM+ReactiveSwift */;
			targetProxy = F1B289F42216AD83009EA3F9 /* PBXContainerItemProxy */;
		};
		F1B28A002216AD83009EA3F9 /* PBXTargetDependency */ = {
			isa = PBXTargetDependency;
			target = F1B289DE2216AD82009EA3F9 /* MVVM+ReactiveSwift */;
			targetProxy = F1B289FF2216AD83009EA3F9 /* PBXContainerItemProxy */;
		};
/* End PBXTargetDependency section */

/* Begin PBXVariantGroup section */
		F1B289EB2216AD83009EA3F9 /* LaunchScreen.storyboard */ = {
			isa = PBXVariantGroup;
			children = (
				F1B289EC2216AD83009EA3F9 /* Base */,
			);
			name = LaunchScreen.storyboard;
			sourceTree = "<group>";
		};
/* End PBXVariantGroup section */

/* Begin XCBuildConfiguration section */
		F1B28A052216AD83009EA3F9 /* Debug */ = {
			isa = XCBuildConfiguration;
			buildSettings = {
				ALWAYS_SEARCH_USER_PATHS = NO;
				CLANG_ANALYZER_NONNULL = YES;
				CLANG_ANALYZER_NUMBER_OBJECT_CONVERSION = YES_AGGRESSIVE;
				CLANG_CXX_LANGUAGE_STANDARD = "gnu++14";
				CLANG_CXX_LIBRARY = "libc++";
				CLANG_ENABLE_MODULES = YES;
				CLANG_ENABLE_OBJC_ARC = YES;
				CLANG_ENABLE_OBJC_WEAK = YES;
				CLANG_WARN_BLOCK_CAPTURE_AUTORELEASING = YES;
				CLANG_WARN_BOOL_CONVERSION = YES;
				CLANG_WARN_COMMA = YES;
				CLANG_WARN_CONSTANT_CONVERSION = YES;
				CLANG_WARN_DEPRECATED_OBJC_IMPLEMENTATIONS = YES;
				CLANG_WARN_DIRECT_OBJC_ISA_USAGE = YES_ERROR;
				CLANG_WARN_DOCUMENTATION_COMMENTS = YES;
				CLANG_WARN_EMPTY_BODY = YES;
				CLANG_WARN_ENUM_CONVERSION = YES;
				CLANG_WARN_INFINITE_RECURSION = YES;
				CLANG_WARN_INT_CONVERSION = YES;
				CLANG_WARN_NON_LITERAL_NULL_CONVERSION = YES;
				CLANG_WARN_OBJC_IMPLICIT_RETAIN_SELF = YES;
				CLANG_WARN_OBJC_LITERAL_CONVERSION = YES;
				CLANG_WARN_OBJC_ROOT_CLASS = YES_ERROR;
				CLANG_WARN_RANGE_LOOP_ANALYSIS = YES;
				CLANG_WARN_STRICT_PROTOTYPES = YES;
				CLANG_WARN_SUSPICIOUS_MOVE = YES;
				CLANG_WARN_UNGUARDED_AVAILABILITY = YES_AGGRESSIVE;
				CLANG_WARN_UNREACHABLE_CODE = YES;
				CLANG_WARN__DUPLICATE_METHOD_MATCH = YES;
				CODE_SIGN_IDENTITY = "iPhone Developer";
				COPY_PHASE_STRIP = NO;
				DEBUG_INFORMATION_FORMAT = dwarf;
				ENABLE_STRICT_OBJC_MSGSEND = YES;
				ENABLE_TESTABILITY = YES;
				GCC_C_LANGUAGE_STANDARD = gnu11;
				GCC_DYNAMIC_NO_PIC = NO;
				GCC_NO_COMMON_BLOCKS = YES;
				GCC_OPTIMIZATION_LEVEL = 0;
				GCC_PREPROCESSOR_DEFINITIONS = (
					"DEBUG=1",
					"$(inherited)",
				);
				GCC_WARN_64_TO_32_BIT_CONVERSION = YES;
				GCC_WARN_ABOUT_RETURN_TYPE = YES_ERROR;
				GCC_WARN_UNDECLARED_SELECTOR = YES;
				GCC_WARN_UNINITIALIZED_AUTOS = YES_AGGRESSIVE;
				GCC_WARN_UNUSED_FUNCTION = YES;
				GCC_WARN_UNUSED_VARIABLE = YES;
				IPHONEOS_DEPLOYMENT_TARGET = 12.1;
				MTL_ENABLE_DEBUG_INFO = INCLUDE_SOURCE;
				MTL_FAST_MATH = YES;
				ONLY_ACTIVE_ARCH = YES;
				SDKROOT = iphoneos;
				SWIFT_ACTIVE_COMPILATION_CONDITIONS = DEBUG;
				SWIFT_OPTIMIZATION_LEVEL = "-Onone";
			};
			name = Debug;
		};
		F1B28A062216AD83009EA3F9 /* Release */ = {
			isa = XCBuildConfiguration;
			buildSettings = {
				ALWAYS_SEARCH_USER_PATHS = NO;
				CLANG_ANALYZER_NONNULL = YES;
				CLANG_ANALYZER_NUMBER_OBJECT_CONVERSION = YES_AGGRESSIVE;
				CLANG_CXX_LANGUAGE_STANDARD = "gnu++14";
				CLANG_CXX_LIBRARY = "libc++";
				CLANG_ENABLE_MODULES = YES;
				CLANG_ENABLE_OBJC_ARC = YES;
				CLANG_ENABLE_OBJC_WEAK = YES;
				CLANG_WARN_BLOCK_CAPTURE_AUTORELEASING = YES;
				CLANG_WARN_BOOL_CONVERSION = YES;
				CLANG_WARN_COMMA = YES;
				CLANG_WARN_CONSTANT_CONVERSION = YES;
				CLANG_WARN_DEPRECATED_OBJC_IMPLEMENTATIONS = YES;
				CLANG_WARN_DIRECT_OBJC_ISA_USAGE = YES_ERROR;
				CLANG_WARN_DOCUMENTATION_COMMENTS = YES;
				CLANG_WARN_EMPTY_BODY = YES;
				CLANG_WARN_ENUM_CONVERSION = YES;
				CLANG_WARN_INFINITE_RECURSION = YES;
				CLANG_WARN_INT_CONVERSION = YES;
				CLANG_WARN_NON_LITERAL_NULL_CONVERSION = YES;
				CLANG_WARN_OBJC_IMPLICIT_RETAIN_SELF = YES;
				CLANG_WARN_OBJC_LITERAL_CONVERSION = YES;
				CLANG_WARN_OBJC_ROOT_CLASS = YES_ERROR;
				CLANG_WARN_RANGE_LOOP_ANALYSIS = YES;
				CLANG_WARN_STRICT_PROTOTYPES = YES;
				CLANG_WARN_SUSPICIOUS_MOVE = YES;
				CLANG_WARN_UNGUARDED_AVAILABILITY = YES_AGGRESSIVE;
				CLANG_WARN_UNREACHABLE_CODE = YES;
				CLANG_WARN__DUPLICATE_METHOD_MATCH = YES;
				CODE_SIGN_IDENTITY = "iPhone Developer";
				COPY_PHASE_STRIP = NO;
				DEBUG_INFORMATION_FORMAT = "dwarf-with-dsym";
				ENABLE_NS_ASSERTIONS = NO;
				ENABLE_STRICT_OBJC_MSGSEND = YES;
				GCC_C_LANGUAGE_STANDARD = gnu11;
				GCC_NO_COMMON_BLOCKS = YES;
				GCC_WARN_64_TO_32_BIT_CONVERSION = YES;
				GCC_WARN_ABOUT_RETURN_TYPE = YES_ERROR;
				GCC_WARN_UNDECLARED_SELECTOR = YES;
				GCC_WARN_UNINITIALIZED_AUTOS = YES_AGGRESSIVE;
				GCC_WARN_UNUSED_FUNCTION = YES;
				GCC_WARN_UNUSED_VARIABLE = YES;
				IPHONEOS_DEPLOYMENT_TARGET = 12.1;
				MTL_ENABLE_DEBUG_INFO = NO;
				MTL_FAST_MATH = YES;
				SDKROOT = iphoneos;
				SWIFT_COMPILATION_MODE = wholemodule;
				SWIFT_OPTIMIZATION_LEVEL = "-O";
				VALIDATE_PRODUCT = YES;
			};
			name = Release;
		};
		F1B28A082216AD83009EA3F9 /* Debug */ = {
			isa = XCBuildConfiguration;
			baseConfigurationReference = E431C71D9C83C331E26DC66D /* Pods-MVVM+ReactiveSwift.debug.xcconfig */;
			buildSettings = {
				ASSETCATALOG_COMPILER_APPICON_NAME = AppIcon;
				CLANG_ENABLE_MODULES = YES;
				CODE_SIGN_STYLE = Automatic;
				INFOPLIST_FILE = "MVVM+ReactiveSwift/Info.plist";
				LD_RUNPATH_SEARCH_PATHS = (
					"$(inherited)",
					"@executable_path/Frameworks",
				);
				PRODUCT_BUNDLE_IDENTIFIER = "com.yunzhisheng.MVVM-ReactiveSwift";
				PRODUCT_NAME = "$(TARGET_NAME)";
				SWIFT_OBJC_BRIDGING_HEADER = "MVVM+ReactiveSwift/MVVM+ReactiveSwift-Bridging-Header.h";
				SWIFT_OPTIMIZATION_LEVEL = "-Onone";
				SWIFT_VERSION = 4.2;
				TARGETED_DEVICE_FAMILY = "1,2";
			};
			name = Debug;
		};
		F1B28A092216AD83009EA3F9 /* Release */ = {
			isa = XCBuildConfiguration;
			baseConfigurationReference = CD747EA95D7955CB65F5969C /* Pods-MVVM+ReactiveSwift.release.xcconfig */;
			buildSettings = {
				ASSETCATALOG_COMPILER_APPICON_NAME = AppIcon;
				CLANG_ENABLE_MODULES = YES;
				CODE_SIGN_STYLE = Automatic;
				INFOPLIST_FILE = "MVVM+ReactiveSwift/Info.plist";
				LD_RUNPATH_SEARCH_PATHS = (
					"$(inherited)",
					"@executable_path/Frameworks",
				);
				PRODUCT_BUNDLE_IDENTIFIER = "com.yunzhisheng.MVVM-ReactiveSwift";
				PRODUCT_NAME = "$(TARGET_NAME)";
				SWIFT_OBJC_BRIDGING_HEADER = "MVVM+ReactiveSwift/MVVM+ReactiveSwift-Bridging-Header.h";
				SWIFT_VERSION = 4.2;
				TARGETED_DEVICE_FAMILY = "1,2";
			};
			name = Release;
		};
		F1B28A0B2216AD83009EA3F9 /* Debug */ = {
			isa = XCBuildConfiguration;
			baseConfigurationReference = 94ED908548C924CFDA25DC5F /* Pods-MVVM+ReactiveSwiftTests.debug.xcconfig */;
			buildSettings = {
				ALWAYS_EMBED_SWIFT_STANDARD_LIBRARIES = YES;
				BUNDLE_LOADER = "$(TEST_HOST)";
				CODE_SIGN_STYLE = Automatic;
				INFOPLIST_FILE = "MVVM+ReactiveSwiftTests/Info.plist";
				LD_RUNPATH_SEARCH_PATHS = (
					"$(inherited)",
					"@executable_path/Frameworks",
					"@loader_path/Frameworks",
				);
				PRODUCT_BUNDLE_IDENTIFIER = "com.yunzhisheng.MVVM-ReactiveSwiftTests";
				PRODUCT_NAME = "$(TARGET_NAME)";
				SWIFT_VERSION = 4.2;
				TARGETED_DEVICE_FAMILY = "1,2";
				TEST_HOST = "$(BUILT_PRODUCTS_DIR)/MVVM+ReactiveSwift.app/MVVM+ReactiveSwift";
			};
			name = Debug;
		};
		F1B28A0C2216AD83009EA3F9 /* Release */ = {
			isa = XCBuildConfiguration;
			baseConfigurationReference = F3EB9CEA7AE746EADA2669B2 /* Pods-MVVM+ReactiveSwiftTests.release.xcconfig */;
			buildSettings = {
				ALWAYS_EMBED_SWIFT_STANDARD_LIBRARIES = YES;
				BUNDLE_LOADER = "$(TEST_HOST)";
				CODE_SIGN_STYLE = Automatic;
				INFOPLIST_FILE = "MVVM+ReactiveSwiftTests/Info.plist";
				LD_RUNPATH_SEARCH_PATHS = (
					"$(inherited)",
					"@executable_path/Frameworks",
					"@loader_path/Frameworks",
				);
				PRODUCT_BUNDLE_IDENTIFIER = "com.yunzhisheng.MVVM-ReactiveSwiftTests";
				PRODUCT_NAME = "$(TARGET_NAME)";
				SWIFT_VERSION = 4.2;
				TARGETED_DEVICE_FAMILY = "1,2";
				TEST_HOST = "$(BUILT_PRODUCTS_DIR)/MVVM+ReactiveSwift.app/MVVM+ReactiveSwift";
			};
			name = Release;
		};
		F1B28A0E2216AD83009EA3F9 /* Debug */ = {
			isa = XCBuildConfiguration;
			baseConfigurationReference = 7EA09A700445FF1B0CA67553 /* Pods-MVVM+ReactiveSwiftUITests.debug.xcconfig */;
			buildSettings = {
				ALWAYS_EMBED_SWIFT_STANDARD_LIBRARIES = YES;
				CODE_SIGN_STYLE = Automatic;
				INFOPLIST_FILE = "MVVM+ReactiveSwiftUITests/Info.plist";
				LD_RUNPATH_SEARCH_PATHS = (
					"$(inherited)",
					"@executable_path/Frameworks",
					"@loader_path/Frameworks",
				);
				PRODUCT_BUNDLE_IDENTIFIER = "com.yunzhisheng.MVVM-ReactiveSwiftUITests";
				PRODUCT_NAME = "$(TARGET_NAME)";
				SWIFT_VERSION = 4.2;
				TARGETED_DEVICE_FAMILY = "1,2";
				TEST_TARGET_NAME = "MVVM+ReactiveSwift";
			};
			name = Debug;
		};
		F1B28A0F2216AD83009EA3F9 /* Release */ = {
			isa = XCBuildConfiguration;
			baseConfigurationReference = 8CB91736A4ABD5B17C5169BE /* Pods-MVVM+ReactiveSwiftUITests.release.xcconfig */;
			buildSettings = {
				ALWAYS_EMBED_SWIFT_STANDARD_LIBRARIES = YES;
				CODE_SIGN_STYLE = Automatic;
				INFOPLIST_FILE = "MVVM+ReactiveSwiftUITests/Info.plist";
				LD_RUNPATH_SEARCH_PATHS = (
					"$(inherited)",
					"@executable_path/Frameworks",
					"@loader_path/Frameworks",
				);
				PRODUCT_BUNDLE_IDENTIFIER = "com.yunzhisheng.MVVM-ReactiveSwiftUITests";
				PRODUCT_NAME = "$(TARGET_NAME)";
				SWIFT_VERSION = 4.2;
				TARGETED_DEVICE_FAMILY = "1,2";
				TEST_TARGET_NAME = "MVVM+ReactiveSwift";
			};
			name = Release;
		};
/* End XCBuildConfiguration section */

/* Begin XCConfigurationList section */
		F1B289DA2216AD82009EA3F9 /* Build configuration list for PBXProject "MVVM+ReactiveSwift" */ = {
			isa = XCConfigurationList;
			buildConfigurations = (
				F1B28A052216AD83009EA3F9 /* Debug */,
				F1B28A062216AD83009EA3F9 /* Release */,
			);
			defaultConfigurationIsVisible = 0;
			defaultConfigurationName = Release;
		};
		F1B28A072216AD83009EA3F9 /* Build configuration list for PBXNativeTarget "MVVM+ReactiveSwift" */ = {
			isa = XCConfigurationList;
			buildConfigurations = (
				F1B28A082216AD83009EA3F9 /* Debug */,
				F1B28A092216AD83009EA3F9 /* Release */,
			);
			defaultConfigurationIsVisible = 0;
			defaultConfigurationName = Release;
		};
		F1B28A0A2216AD83009EA3F9 /* Build configuration list for PBXNativeTarget "MVVM+ReactiveSwiftTests" */ = {
			isa = XCConfigurationList;
			buildConfigurations = (
				F1B28A0B2216AD83009EA3F9 /* Debug */,
				F1B28A0C2216AD83009EA3F9 /* Release */,
			);
			defaultConfigurationIsVisible = 0;
			defaultConfigurationName = Release;
		};
		F1B28A0D2216AD83009EA3F9 /* Build configuration list for PBXNativeTarget "MVVM+ReactiveSwiftUITests" */ = {
			isa = XCConfigurationList;
			buildConfigurations = (
				F1B28A0E2216AD83009EA3F9 /* Debug */,
				F1B28A0F2216AD83009EA3F9 /* Release */,
			);
			defaultConfigurationIsVisible = 0;
			defaultConfigurationName = Release;
		};
/* End XCConfigurationList section */
	};
	rootObject = F1B289D72216AD82009EA3F9 /* Project object */;
}
